
Microsoft Visual Studio Solution File, Format Version 12.00
# Visual Studio Version 16
VisualStudioVersion = 16.0.28803.452
MinimumVisualStudioVersion = 10.0.40219.1
Project("{FAE04EC0-301F-11D3-BF4B-00C04F79EFBC}") = "Install_WVA_Connect_CDI_All_Users", "Install_WVA_Connect_CDI_All_Users.csproj", "{22D1349E-58DF-4BEE-9101-84F425A503E8}"
EndProject
Global
	GlobalSection(SolutionConfigurationPlatforms) = preSolution
		Debug|Any CPU = Debug|Any CPU
		Release|Any CPU = Release|Any CPU
	EndGlobalSection
	GlobalSection(ProjectConfigurationPlatforms) = postSolution
		{22D1349E-58DF-4BEE-9101-84F425A503E8}.Debug|Any CPU.ActiveCfg = Debug|Any CPU
		{22D1349E-58DF-4BEE-9101-84F425A503E8}.Debug|Any CPU.Build.0 = Debug|Any CPU
		{22D1349E-58DF-4BEE-9101-84F425A503E8}.Release|Any CPU.ActiveCfg = Release|Any CPU
		{22D1349E-58DF-4BEE-9101-84F425A503E8}.Release|Any CPU.Build.0 = Release|Any CPU
	EndGlobalSection
	GlobalSection(SolutionProperties) = preSolution
		HideSolutionNode = FALSE
	EndGlobalSection
	GlobalSection(ExtensibilityGlobals) = postSolution
		SolutionGuid = {28590355-D7A6-4EC2-99DB-EE1ED562AA0C}
	EndGlobalSection
EndGlobal
